{
  "object": {
    "pins": [
      {
        "package": "Alamofire",
        "repositoryURL": "https://github.com/Alamofire/Alamofire.git",
        "state": {
          "branch": null,
          "revision": "513364f870f6bfc468f9d2ff0a95caccc10044c5",
          "version": "5.10.2"
        }
      },
      {
        "package": "Cryptor",
        "repositoryURL": "https://github.com/Kitura/BlueCryptor.git",
        "state": {
          "branch": null,
          "revision": "cec97c24b111351e70e448972a7d3fe68a756d6d",
          "version": "2.0.2"
        }
      },
      {
        "package": "CryptorECC",
        "repositoryURL": "https://github.com/Kitura/BlueECC.git",
        "state": {
          "branch": null,
          "revision": "1485268a54f8135435a825a855e733f026fa6cc8",
          "version": "1.2.201"
        }
      },
      {
        "package": "CryptorRSA",
        "repositoryURL": "https://github.com/Kitura/BlueRSA.git",
        "state": {
          "branch": null,
          "revision": "4c9464b4a21dd558a9b1f4a4ed603bb67dcbc773",
          "version": "1.0.202"
        }
      },
      {
        "package": "CocoaLumberjack",
        "repositoryURL": "https://github.com/CocoaLumberjack/CocoaLumberjack.git",
        "state": {
          "branch": null,
          "revision": "4b8714a7fb84d42393314ce897127b3939885ec3",
          "version": "3.8.5"
        }
      },
      {
        "package": "JWTDecode",
        "repositoryURL": "https://github.com/auth0/JWTDecode.swift.git",
        "state": {
          "branch": null,
          "revision": "1e153ef009969543191970c66b7c60163c0b4a65",
          "version": "3.2.0"
        }
      },
      {
        "package": "Kingfisher",
        "repositoryURL": "https://github.com/onevcat/Kingfisher.git",
        "state": {
          "branch": null,
          "revision": "2ef543ee21d63734e1c004ad6c870255e8716c50",
          "version": "7.12.0"
        }
      },
      {
        "package": "KituraContracts",
        "repositoryURL": "https://github.com/Kitura/KituraContracts.git",
        "state": {
          "branch": null,
          "revision": "6edf7ac3dd2b3a2c61284778d430bbad7d8a6f23",
          "version": "2.0.1"
        }
      },
      {
        "package": "LoggerAPI",
        "repositoryURL": "https://github.com/Kitura/LoggerAPI.git",
        "state": {
          "branch": null,
          "revision": "4e6b45e850ffa275e8e26a24c6454fd709d5b6ac",
          "version": "2.0.0"
        }
      },
      {
        "package": "RevenueCat",
        "repositoryURL": "https://github.com/RevenueCat/purchases-ios-spm.git",
        "state": {
          "branch": null,
          "revision": "1467e98e21bbe67e14ac04da34d71b09f08eba08",
          "version": "5.17.0"
        }
      },
      {
        "package": "QuestOCR",
        "repositoryURL": "https://github.com/nanzhipro/QuestOCR.git",
        "state": {
          "branch": "main",
          "revision": "c8da0fb43af5940252c67af1030b608f92e985a2",
          "version": null
        }
      },
      {
        "package": "Sentry",
        "repositoryURL": "https://github.com/getsentry/sentry-cocoa.git",
        "state": {
          "branch": null,
          "revision": "3640aaf7849a9fc39996d777e6df866251bb98d6",
          "version": "8.45.0"
        }
      },
      {
        "package": "SwiftJWT",
        "repositoryURL": "https://github.com/Kitura/Swift-JWT.git",
        "state": {
          "branch": null,
          "revision": "2cf7ef3eeb0df84318c75662c257651285f8289f",
          "version": "4.0.2"
        }
      },
      {
        "package": "swift-log",
        "repositoryURL": "https://github.com/apple/swift-log",
        "state": {
          "branch": null,
          "revision": "96a2f8a0fa41e9e09af4585e2724c4e825410b91",
          "version": "1.6.2"
        }
      },
      {
        "package": "SwiftDate",
        "repositoryURL": "https://github.com/malcommac/SwiftDate.git",
        "state": {
          "branch": null,
          "revision": "5d943224c3bb173e6ecf27295611615eba90c80e",
          "version": "7.0.0"
        }
      },
      {
        "package": "SwiftSoup",
        "repositoryURL": "https://github.com/scinfu/SwiftSoup.git",
        "state": {
          "branch": null,
          "revision": "18ad8b8ff0f03f3c0a5544ffccfa2ea1c051ae6e",
          "version": "2.8.0"
        }
      },
      {
        "package": "SwiftWebCrawler",
        "repositoryURL": "https://github.com/nanzhipro/SwiftWebCrawler.git",
        "state": {
          "branch": "main",
          "revision": "2c283f54b05bd520c621bac750233749a04fd5e1",
          "version": null
        }
      }
    ]
  },
  "version": 1
}
