// !$*UTF8*$!
{
	archiveVersion = 1;
	classes = {
	};
	objectVersion = 77;
	objects = {

/* Begin PBXBuildFile section */
		D52B9FFF2D44B65700D74909 /* QuestOCR in Frameworks */ = {isa = PBXBuildFile; productRef = D52B9FFE2D44B65700D74909 /* QuestOCR */; };
		D53F8FBE2D5A3B0C0081039A /* SwiftJWT in Frameworks */ = {isa = PBXBuildFile; productRef = D53F8FBD2D5A3B0C0081039A /* SwiftJWT */; };
		D55454912D3225130086A832 /* SwiftDate in Frameworks */ = {isa = PBXBuildFile; productRef = D55454902D3225130086A832 /* SwiftDate */; };
		D56686AB2CFC05D800EE1486 /* SwiftSoup in Frameworks */ = {isa = PBXBuildFile; productRef = D56686AA2CFC05D800EE1486 /* SwiftSoup */; };
		D56686B52CFC097A00EE1486 /* Kingfisher in Frameworks */ = {isa = PBXBuildFile; productRef = D56686B42CFC097A00EE1486 /* Kingfisher */; };
		D57A1BC22D275D10000BAC44 /* Alamofire in Frameworks */ = {isa = PBXBuildFile; productRef = D57A1BC12D275D10000BAC44 /* Alamofire */; };
		D5F11BF42D28C592007A225F /* SwiftWebCrawler in Frameworks */ = {isa = PBXBuildFile; productRef = D5F11BF32D28C592007A225F /* SwiftWebCrawler */; };
		D5F41BE92D2A17F100CB844E /* CocoaLumberjackSwift in Frameworks */ = {isa = PBXBuildFile; productRef = D5F41BE82D2A17F100CB844E /* CocoaLumberjackSwift */; };
		D5FF61672D60AEDC00FC8AF6 /* Sentry in Frameworks */ = {isa = PBXBuildFile; productRef = D5FF61662D60AEDC00FC8AF6 /* Sentry */; };
/* End PBXBuildFile section */

/* Begin PBXContainerItemProxy section */
		D57ADFDA2CF54D36000D9DB1 /* PBXContainerItemProxy */ = {
			isa = PBXContainerItemProxy;
			containerPortal = D57ADFBE2CF54D34000D9DB1 /* Project object */;
			proxyType = 1;
			remoteGlobalIDString = D57ADFC52CF54D34000D9DB1;
			remoteInfo = ScheduleSage;
		};
		D57ADFE42CF54D36000D9DB1 /* PBXContainerItemProxy */ = {
			isa = PBXContainerItemProxy;
			containerPortal = D57ADFBE2CF54D34000D9DB1 /* Project object */;
			proxyType = 1;
			remoteGlobalIDString = D57ADFC52CF54D34000D9DB1;
			remoteInfo = ScheduleSage;
		};
/* End PBXContainerItemProxy section */

/* Begin PBXFileReference section */
		D57ADFC62CF54D34000D9DB1 /* ScheduleSage.app */ = {isa = PBXFileReference; explicitFileType = wrapper.application; includeInIndex = 0; path = ScheduleSage.app; sourceTree = BUILT_PRODUCTS_DIR; };
		D57ADFD92CF54D36000D9DB1 /* ScheduleSageTests.xctest */ = {isa = PBXFileReference; explicitFileType = wrapper.cfbundle; includeInIndex = 0; path = ScheduleSageTests.xctest; sourceTree = BUILT_PRODUCTS_DIR; };
		D57ADFE32CF54D36000D9DB1 /* ScheduleSageUITests.xctest */ = {isa = PBXFileReference; explicitFileType = wrapper.cfbundle; includeInIndex = 0; path = ScheduleSageUITests.xctest; sourceTree = BUILT_PRODUCTS_DIR; };
/* End PBXFileReference section */

/* Begin PBXFileSystemSynchronizedRootGroup section */
		D57ADFC82CF54D34000D9DB1 /* ScheduleSage */ = {
			isa = PBXFileSystemSynchronizedRootGroup;
			path = ScheduleSage;
			sourceTree = "<group>";
		};
		D57ADFDC2CF54D36000D9DB1 /* ScheduleSageTests */ = {
			isa = PBXFileSystemSynchronizedRootGroup;
			path = ScheduleSageTests;
			sourceTree = "<group>";
		};
		D57ADFE62CF54D36000D9DB1 /* ScheduleSageUITests */ = {
			isa = PBXFileSystemSynchronizedRootGroup;
			path = ScheduleSageUITests;
			sourceTree = "<group>";
		};
/* End PBXFileSystemSynchronizedRootGroup section */

/* Begin PBXFrameworksBuildPhase section */
		D57ADFC32CF54D34000D9DB1 /* Frameworks */ = {
			isa = PBXFrameworksBuildPhase;
			buildActionMask = 2147483647;
			files = (
				D57A1BC22D275D10000BAC44 /* Alamofire in Frameworks */,
				D56686B52CFC097A00EE1486 /* Kingfisher in Frameworks */,
				D5FF61672D60AEDC00FC8AF6 /* Sentry in Frameworks */,
				D53F8FBE2D5A3B0C0081039A /* SwiftJWT in Frameworks */,
				D55454912D3225130086A832 /* SwiftDate in Frameworks */,
				D5F11BF42D28C592007A225F /* SwiftWebCrawler in Frameworks */,
				D56686AB2CFC05D800EE1486 /* SwiftSoup in Frameworks */,
				D52B9FFF2D44B65700D74909 /* QuestOCR in Frameworks */,
				D5F41BE92D2A17F100CB844E /* CocoaLumberjackSwift in Frameworks */,
			);
			runOnlyForDeploymentPostprocessing = 0;
		};
		D57ADFD62CF54D36000D9DB1 /* Frameworks */ = {
			isa = PBXFrameworksBuildPhase;
			buildActionMask = 2147483647;
			files = (
			);
			runOnlyForDeploymentPostprocessing = 0;
		};
		D57ADFE02CF54D36000D9DB1 /* Frameworks */ = {
			isa = PBXFrameworksBuildPhase;
			buildActionMask = 2147483647;
			files = (
			);
			runOnlyForDeploymentPostprocessing = 0;
		};
/* End PBXFrameworksBuildPhase section */

/* Begin PBXGroup section */
		D56686A92CFC05D800EE1486 /* Frameworks */ = {
			isa = PBXGroup;
			children = (
			);
			name = Frameworks;
			sourceTree = "<group>";
		};
		D57ADFBD2CF54D34000D9DB1 = {
			isa = PBXGroup;
			children = (
				D57ADFC82CF54D34000D9DB1 /* ScheduleSage */,
				D57ADFDC2CF54D36000D9DB1 /* ScheduleSageTests */,
				D57ADFE62CF54D36000D9DB1 /* ScheduleSageUITests */,
				D56686A92CFC05D800EE1486 /* Frameworks */,
				D57ADFC72CF54D34000D9DB1 /* Products */,
			);
			sourceTree = "<group>";
		};
		D57ADFC72CF54D34000D9DB1 /* Products */ = {
			isa = PBXGroup;
			children = (
				D57ADFC62CF54D34000D9DB1 /* ScheduleSage.app */,
				D57ADFD92CF54D36000D9DB1 /* ScheduleSageTests.xctest */,
				D57ADFE32CF54D36000D9DB1 /* ScheduleSageUITests.xctest */,
			);
			name = Products;
			sourceTree = "<group>";
		};
/* End PBXGroup section */

/* Begin PBXNativeTarget section */
		D57ADFC52CF54D34000D9DB1 /* ScheduleSage */ = {
			isa = PBXNativeTarget;
			buildConfigurationList = D57ADFED2CF54D36000D9DB1 /* Build configuration list for PBXNativeTarget "ScheduleSage" */;
			buildPhases = (
				D57ADFC22CF54D34000D9DB1 /* Sources */,
				D57ADFC32CF54D34000D9DB1 /* Frameworks */,
				D57ADFC42CF54D34000D9DB1 /* Resources */,
			);
			buildRules = (
			);
			dependencies = (
			);
			fileSystemSynchronizedGroups = (
				D57ADFC82CF54D34000D9DB1 /* ScheduleSage */,
			);
			name = ScheduleSage;
			packageProductDependencies = (
				D56686AA2CFC05D800EE1486 /* SwiftSoup */,
				D56686B42CFC097A00EE1486 /* Kingfisher */,
				D57A1BC12D275D10000BAC44 /* Alamofire */,
				D5F11BF32D28C592007A225F /* SwiftWebCrawler */,
				D5F41BE82D2A17F100CB844E /* CocoaLumberjackSwift */,
				D55454902D3225130086A832 /* SwiftDate */,
				D52B9FFE2D44B65700D74909 /* QuestOCR */,
				D53F8FBD2D5A3B0C0081039A /* SwiftJWT */,
				D5FF61662D60AEDC00FC8AF6 /* Sentry */,
			);
			productName = ScheduleSage;
			productReference = D57ADFC62CF54D34000D9DB1 /* ScheduleSage.app */;
			productType = "com.apple.product-type.application";
		};
		D57ADFD82CF54D36000D9DB1 /* ScheduleSageTests */ = {
			isa = PBXNativeTarget;
			buildConfigurationList = D57ADFF02CF54D36000D9DB1 /* Build configuration list for PBXNativeTarget "ScheduleSageTests" */;
			buildPhases = (
				D57ADFD52CF54D36000D9DB1 /* Sources */,
				D57ADFD62CF54D36000D9DB1 /* Frameworks */,
				D57ADFD72CF54D36000D9DB1 /* Resources */,
			);
			buildRules = (
			);
			dependencies = (
				D57ADFDB2CF54D36000D9DB1 /* PBXTargetDependency */,
			);
			fileSystemSynchronizedGroups = (
				D57ADFDC2CF54D36000D9DB1 /* ScheduleSageTests */,
			);
			name = ScheduleSageTests;
			packageProductDependencies = (
			);
			productName = ScheduleSageTests;
			productReference = D57ADFD92CF54D36000D9DB1 /* ScheduleSageTests.xctest */;
			productType = "com.apple.product-type.bundle.unit-test";
		};
		D57ADFE22CF54D36000D9DB1 /* ScheduleSageUITests */ = {
			isa = PBXNativeTarget;
			buildConfigurationList = D57ADFF32CF54D36000D9DB1 /* Build configuration list for PBXNativeTarget "ScheduleSageUITests" */;
			buildPhases = (
				D57ADFDF2CF54D36000D9DB1 /* Sources */,
				D57ADFE02CF54D36000D9DB1 /* Frameworks */,
				D57ADFE12CF54D36000D9DB1 /* Resources */,
			);
			buildRules = (
			);
			dependencies = (
				D57ADFE52CF54D36000D9DB1 /* PBXTargetDependency */,
			);
			fileSystemSynchronizedGroups = (
				D57ADFE62CF54D36000D9DB1 /* ScheduleSageUITests */,
			);
			name = ScheduleSageUITests;
			packageProductDependencies = (
			);
			productName = ScheduleSageUITests;
			productReference = D57ADFE32CF54D36000D9DB1 /* ScheduleSageUITests.xctest */;
			productType = "com.apple.product-type.bundle.ui-testing";
		};
/* End PBXNativeTarget section */

/* Begin PBXProject section */
		D57ADFBE2CF54D34000D9DB1 /* Project object */ = {
			isa = PBXProject;
			attributes = {
				BuildIndependentTargetsInParallel = 1;
				LastSwiftUpdateCheck = 1600;
				LastUpgradeCheck = 1600;
				TargetAttributes = {
					D57ADFC52CF54D34000D9DB1 = {
						CreatedOnToolsVersion = 16.0;
					};
					D57ADFD82CF54D36000D9DB1 = {
						CreatedOnToolsVersion = 16.0;
						TestTargetID = D57ADFC52CF54D34000D9DB1;
					};
					D57ADFE22CF54D36000D9DB1 = {
						CreatedOnToolsVersion = 16.0;
						TestTargetID = D57ADFC52CF54D34000D9DB1;
					};
				};
			};
			buildConfigurationList = D57ADFC12CF54D34000D9DB1 /* Build configuration list for PBXProject "ScheduleSage" */;
			developmentRegion = en;
			hasScannedForEncodings = 0;
			knownRegions = (
				en,
				Base,
				"zh-Hans",
				ja,
			);
			mainGroup = D57ADFBD2CF54D34000D9DB1;
			minimizedProjectReferenceProxies = 1;
			packageReferences = (
				D56686A82CFC052700EE1486 /* XCRemoteSwiftPackageReference "SwiftSoup" */,
				D56686B32CFC096F00EE1486 /* XCRemoteSwiftPackageReference "Kingfisher" */,
				D52770E12D2611BB00738094 /* XCRemoteSwiftPackageReference "Alamofire" */,
				D5F11BF22D28C592007A225F /* XCRemoteSwiftPackageReference "SwiftWebCrawler" */,
				D5F41BE72D2A17E000CB844E /* XCRemoteSwiftPackageReference "CocoaLumberjack" */,
				D554548F2D3224BD0086A832 /* XCRemoteSwiftPackageReference "SwiftDate" */,
				D52B9FFD2D44B65700D74909 /* XCRemoteSwiftPackageReference "QuestOCR" */,
				D53F8FBC2D5A3B0C0081039A /* XCRemoteSwiftPackageReference "Swift-JWT" */,
				D5FF61652D60AEDC00FC8AF6 /* XCRemoteSwiftPackageReference "sentry-cocoa" */,
			);
			preferredProjectObjectVersion = 77;
			productRefGroup = D57ADFC72CF54D34000D9DB1 /* Products */;
			projectDirPath = "";
			projectRoot = "";
			targets = (
				D57ADFC52CF54D34000D9DB1 /* ScheduleSage */,
				D57ADFD82CF54D36000D9DB1 /* ScheduleSageTests */,
				D57ADFE22CF54D36000D9DB1 /* ScheduleSageUITests */,
			);
		};
/* End PBXProject section */

/* Begin PBXResourcesBuildPhase section */
		D57ADFC42CF54D34000D9DB1 /* Resources */ = {
			isa = PBXResourcesBuildPhase;
			buildActionMask = 2147483647;
			files = (
			);
			runOnlyForDeploymentPostprocessing = 0;
		};
		D57ADFD72CF54D36000D9DB1 /* Resources */ = {
			isa = PBXResourcesBuildPhase;
			buildActionMask = 2147483647;
			files = (
			);
			runOnlyForDeploymentPostprocessing = 0;
		};
		D57ADFE12CF54D36000D9DB1 /* Resources */ = {
			isa = PBXResourcesBuildPhase;
			buildActionMask = 2147483647;
			files = (
			);
			runOnlyForDeploymentPostprocessing = 0;
		};
/* End PBXResourcesBuildPhase section */

/* Begin PBXSourcesBuildPhase section */
		D57ADFC22CF54D34000D9DB1 /* Sources */ = {
			isa = PBXSourcesBuildPhase;
			buildActionMask = 2147483647;
			files = (
			);
			runOnlyForDeploymentPostprocessing = 0;
		};
		D57ADFD52CF54D36000D9DB1 /* Sources */ = {
			isa = PBXSourcesBuildPhase;
			buildActionMask = 2147483647;
			files = (
			);
			runOnlyForDeploymentPostprocessing = 0;
		};
		D57ADFDF2CF54D36000D9DB1 /* Sources */ = {
			isa = PBXSourcesBuildPhase;
			buildActionMask = 2147483647;
			files = (
			);
			runOnlyForDeploymentPostprocessing = 0;
		};
/* End PBXSourcesBuildPhase section */

/* Begin PBXTargetDependency section */
		D57ADFDB2CF54D36000D9DB1 /* PBXTargetDependency */ = {
			isa = PBXTargetDependency;
			target = D57ADFC52CF54D34000D9DB1 /* ScheduleSage */;
			targetProxy = D57ADFDA2CF54D36000D9DB1 /* PBXContainerItemProxy */;
		};
		D57ADFE52CF54D36000D9DB1 /* PBXTargetDependency */ = {
			isa = PBXTargetDependency;
			target = D57ADFC52CF54D34000D9DB1 /* ScheduleSage */;
			targetProxy = D57ADFE42CF54D36000D9DB1 /* PBXContainerItemProxy */;
		};
/* End PBXTargetDependency section */

/* Begin XCBuildConfiguration section */
		D57ADFEB2CF54D36000D9DB1 /* Debug */ = {
			isa = XCBuildConfiguration;
			buildSettings = {
				ALWAYS_SEARCH_USER_PATHS = NO;
				ASSETCATALOG_COMPILER_GENERATE_SWIFT_ASSET_SYMBOL_EXTENSIONS = YES;
				CLANG_ANALYZER_NONNULL = YES;
				CLANG_ANALYZER_NUMBER_OBJECT_CONVERSION = YES_AGGRESSIVE;
				CLANG_CXX_LANGUAGE_STANDARD = "gnu++20";
				CLANG_ENABLE_MODULES = YES;
				CLANG_ENABLE_OBJC_ARC = YES;
				CLANG_ENABLE_OBJC_WEAK = YES;
				CLANG_WARN_BLOCK_CAPTURE_AUTORELEASING = YES;
				CLANG_WARN_BOOL_CONVERSION = YES;
				CLANG_WARN_COMMA = YES;
				CLANG_WARN_CONSTANT_CONVERSION = YES;
				CLANG_WARN_DEPRECATED_OBJC_IMPLEMENTATIONS = YES;
				CLANG_WARN_DIRECT_OBJC_ISA_USAGE = YES_ERROR;
				CLANG_WARN_DOCUMENTATION_COMMENTS = YES;
				CLANG_WARN_EMPTY_BODY = YES;
				CLANG_WARN_ENUM_CONVERSION = YES;
				CLANG_WARN_INFINITE_RECURSION = YES;
				CLANG_WARN_INT_CONVERSION = YES;
				CLANG_WARN_NON_LITERAL_NULL_CONVERSION = YES;
				CLANG_WARN_OBJC_IMPLICIT_RETAIN_SELF = YES;
				CLANG_WARN_OBJC_LITERAL_CONVERSION = YES;
				CLANG_WARN_OBJC_ROOT_CLASS = YES_ERROR;
				CLANG_WARN_QUOTED_INCLUDE_IN_FRAMEWORK_HEADER = YES;
				CLANG_WARN_RANGE_LOOP_ANALYSIS = YES;
				CLANG_WARN_STRICT_PROTOTYPES = YES;
				CLANG_WARN_SUSPICIOUS_MOVE = YES;
				CLANG_WARN_UNGUARDED_AVAILABILITY = YES_AGGRESSIVE;
				CLANG_WARN_UNREACHABLE_CODE = YES;
				CLANG_WARN__DUPLICATE_METHOD_MATCH = YES;
				COPY_PHASE_STRIP = NO;
				DEBUG_INFORMATION_FORMAT = dwarf;
				ENABLE_STRICT_OBJC_MSGSEND = YES;
				ENABLE_TESTABILITY = YES;
				ENABLE_USER_SCRIPT_SANDBOXING = YES;
				GCC_C_LANGUAGE_STANDARD = gnu17;
				GCC_DYNAMIC_NO_PIC = NO;
				GCC_NO_COMMON_BLOCKS = YES;
				GCC_OPTIMIZATION_LEVEL = 0;
				GCC_PREPROCESSOR_DEFINITIONS = (
					"DEBUG=1",
					"$(inherited)",
				);
				GCC_WARN_64_TO_32_BIT_CONVERSION = YES;
				GCC_WARN_ABOUT_RETURN_TYPE = YES_ERROR;
				GCC_WARN_UNDECLARED_SELECTOR = YES;
				GCC_WARN_UNINITIALIZED_AUTOS = YES_AGGRESSIVE;
				GCC_WARN_UNUSED_FUNCTION = YES;
				GCC_WARN_UNUSED_VARIABLE = YES;
				LOCALIZATION_PREFERS_STRING_CATALOGS = YES;
				MACOSX_DEPLOYMENT_TARGET = 15.0;
				MTL_ENABLE_DEBUG_INFO = INCLUDE_SOURCE;
				MTL_FAST_MATH = YES;
				ONLY_ACTIVE_ARCH = YES;
				SDKROOT = macosx;
				SWIFT_ACTIVE_COMPILATION_CONDITIONS = "DEBUG $(inherited)";
				SWIFT_OPTIMIZATION_LEVEL = "-Onone";
			};
			name = Debug;
		};
		D57ADFEC2CF54D36000D9DB1 /* Release */ = {
			isa = XCBuildConfiguration;
			buildSettings = {
				ALWAYS_SEARCH_USER_PATHS = NO;
				ASSETCATALOG_COMPILER_GENERATE_SWIFT_ASSET_SYMBOL_EXTENSIONS = YES;
				CLANG_ANALYZER_NONNULL = YES;
				CLANG_ANALYZER_NUMBER_OBJECT_CONVERSION = YES_AGGRESSIVE;
				CLANG_CXX_LANGUAGE_STANDARD = "gnu++20";
				CLANG_ENABLE_MODULES = YES;
				CLANG_ENABLE_OBJC_ARC = YES;
				CLANG_ENABLE_OBJC_WEAK = YES;
				CLANG_WARN_BLOCK_CAPTURE_AUTORELEASING = YES;
				CLANG_WARN_BOOL_CONVERSION = YES;
				CLANG_WARN_COMMA = YES;
				CLANG_WARN_CONSTANT_CONVERSION = YES;
				CLANG_WARN_DEPRECATED_OBJC_IMPLEMENTATIONS = YES;
				CLANG_WARN_DIRECT_OBJC_ISA_USAGE = YES_ERROR;
				CLANG_WARN_DOCUMENTATION_COMMENTS = YES;
				CLANG_WARN_EMPTY_BODY = YES;
				CLANG_WARN_ENUM_CONVERSION = YES;
				CLANG_WARN_INFINITE_RECURSION = YES;
				CLANG_WARN_INT_CONVERSION = YES;
				CLANG_WARN_NON_LITERAL_NULL_CONVERSION = YES;
				CLANG_WARN_OBJC_IMPLICIT_RETAIN_SELF = YES;
				CLANG_WARN_OBJC_LITERAL_CONVERSION = YES;
				CLANG_WARN_OBJC_ROOT_CLASS = YES_ERROR;
				CLANG_WARN_QUOTED_INCLUDE_IN_FRAMEWORK_HEADER = YES;
				CLANG_WARN_RANGE_LOOP_ANALYSIS = YES;
				CLANG_WARN_STRICT_PROTOTYPES = YES;
				CLANG_WARN_SUSPICIOUS_MOVE = YES;
				CLANG_WARN_UNGUARDED_AVAILABILITY = YES_AGGRESSIVE;
				CLANG_WARN_UNREACHABLE_CODE = YES;
				CLANG_WARN__DUPLICATE_METHOD_MATCH = YES;
				COPY_PHASE_STRIP = NO;
				DEBUG_INFORMATION_FORMAT = "dwarf-with-dsym";
				ENABLE_NS_ASSERTIONS = NO;
				ENABLE_STRICT_OBJC_MSGSEND = YES;
				ENABLE_USER_SCRIPT_SANDBOXING = YES;
				GCC_C_LANGUAGE_STANDARD = gnu17;
				GCC_NO_COMMON_BLOCKS = YES;
				GCC_WARN_64_TO_32_BIT_CONVERSION = YES;
				GCC_WARN_ABOUT_RETURN_TYPE = YES_ERROR;
				GCC_WARN_UNDECLARED_SELECTOR = YES;
				GCC_WARN_UNINITIALIZED_AUTOS = YES_AGGRESSIVE;
				GCC_WARN_UNUSED_FUNCTION = YES;
				GCC_WARN_UNUSED_VARIABLE = YES;
				LOCALIZATION_PREFERS_STRING_CATALOGS = YES;
				MACOSX_DEPLOYMENT_TARGET = 15.0;
				MTL_ENABLE_DEBUG_INFO = NO;
				MTL_FAST_MATH = YES;
				SDKROOT = macosx;
				SWIFT_COMPILATION_MODE = wholemodule;
			};
			name = Release;
		};
		D57ADFEE2CF54D36000D9DB1 /* Debug */ = {
			isa = XCBuildConfiguration;
			buildSettings = {
				ASSETCATALOG_COMPILER_APPICON_NAME = AppIcon;
				ASSETCATALOG_COMPILER_GLOBAL_ACCENT_COLOR_NAME = AccentColor;
				ASSETCATALOG_COMPILER_INCLUDE_ALL_APPICON_ASSETS = NO;
				CODE_SIGN_ENTITLEMENTS = ScheduleSage/ScheduleSage.entitlements;
				CODE_SIGN_STYLE = Automatic;
				COMBINE_HIDPI_IMAGES = YES;
				CURRENT_PROJECT_VERSION = 6;
				DEVELOPMENT_ASSET_PATHS = "\"ScheduleSage/Preview Content\"";
				DEVELOPMENT_TEAM = YSM8K853CQ;
				ENABLE_HARDENED_RUNTIME = YES;
				ENABLE_PREVIEWS = YES;
				GENERATE_INFOPLIST_FILE = YES;
				INFOPLIST_FILE = ScheduleSage/Info.plist;
				INFOPLIST_KEY_LSApplicationCategoryType = "public.app-category.utilities";
				INFOPLIST_KEY_NSHumanReadableCopyright = "";
				LD_RUNPATH_SEARCH_PATHS = (
					"$(inherited)",
					"@executable_path/../Frameworks",
				);
				MACOSX_DEPLOYMENT_TARGET = 14.0;
				MARKETING_VERSION = 1.0.6;
				PRODUCT_BUNDLE_IDENTIFIER = com.tiwenlab.schedulesage;
				PRODUCT_NAME = "$(TARGET_NAME)";
				SWIFT_EMIT_LOC_STRINGS = YES;
				SWIFT_VERSION = 5.0;
			};
			name = Debug;
		};
		D57ADFEF2CF54D36000D9DB1 /* Release */ = {
			isa = XCBuildConfiguration;
			buildSettings = {
				ASSETCATALOG_COMPILER_APPICON_NAME = AppIcon;
				ASSETCATALOG_COMPILER_GLOBAL_ACCENT_COLOR_NAME = AccentColor;
				ASSETCATALOG_COMPILER_INCLUDE_ALL_APPICON_ASSETS = NO;
				CODE_SIGN_ENTITLEMENTS = ScheduleSage/ScheduleSage.entitlements;
				CODE_SIGN_STYLE = Automatic;
				COMBINE_HIDPI_IMAGES = YES;
				CURRENT_PROJECT_VERSION = 6;
				DEVELOPMENT_ASSET_PATHS = "\"ScheduleSage/Preview Content\"";
				DEVELOPMENT_TEAM = YSM8K853CQ;
				ENABLE_HARDENED_RUNTIME = YES;
				ENABLE_PREVIEWS = YES;
				GENERATE_INFOPLIST_FILE = YES;
				INFOPLIST_FILE = ScheduleSage/Info.plist;
				INFOPLIST_KEY_LSApplicationCategoryType = "public.app-category.utilities";
				INFOPLIST_KEY_NSHumanReadableCopyright = "";
				LD_RUNPATH_SEARCH_PATHS = (
					"$(inherited)",
					"@executable_path/../Frameworks",
				);
				MACOSX_DEPLOYMENT_TARGET = 14.0;
				MARKETING_VERSION = 1.0.6;
				PRODUCT_BUNDLE_IDENTIFIER = com.tiwenlab.schedulesage;
				PRODUCT_NAME = "$(TARGET_NAME)";
				SWIFT_EMIT_LOC_STRINGS = YES;
				SWIFT_VERSION = 5.0;
			};
			name = Release;
		};
		D57ADFF12CF54D36000D9DB1 /* Debug */ = {
			isa = XCBuildConfiguration;
			buildSettings = {
				BUNDLE_LOADER = "$(TEST_HOST)";
				CODE_SIGN_STYLE = Automatic;
				CURRENT_PROJECT_VERSION = 1;
				DEVELOPMENT_TEAM = YSM8K853CQ;
				GENERATE_INFOPLIST_FILE = YES;
				MACOSX_DEPLOYMENT_TARGET = 14.0;
				MARKETING_VERSION = 1.0;
				PRODUCT_BUNDLE_IDENTIFIER = com.tiwenlab.ScheduleSageTests;
				PRODUCT_NAME = "$(TARGET_NAME)";
				SWIFT_EMIT_LOC_STRINGS = NO;
				SWIFT_VERSION = 5.0;
				TEST_HOST = "$(BUILT_PRODUCTS_DIR)/ScheduleSage.app/$(BUNDLE_EXECUTABLE_FOLDER_PATH)/ScheduleSage";
			};
			name = Debug;
		};
		D57ADFF22CF54D36000D9DB1 /* Release */ = {
			isa = XCBuildConfiguration;
			buildSettings = {
				BUNDLE_LOADER = "$(TEST_HOST)";
				CODE_SIGN_STYLE = Automatic;
				CURRENT_PROJECT_VERSION = 1;
				DEVELOPMENT_TEAM = YSM8K853CQ;
				GENERATE_INFOPLIST_FILE = YES;
				MACOSX_DEPLOYMENT_TARGET = 14.0;
				MARKETING_VERSION = 1.0;
				PRODUCT_BUNDLE_IDENTIFIER = com.tiwenlab.ScheduleSageTests;
				PRODUCT_NAME = "$(TARGET_NAME)";
				SWIFT_EMIT_LOC_STRINGS = NO;
				SWIFT_VERSION = 5.0;
				TEST_HOST = "$(BUILT_PRODUCTS_DIR)/ScheduleSage.app/$(BUNDLE_EXECUTABLE_FOLDER_PATH)/ScheduleSage";
			};
			name = Release;
		};
		D57ADFF42CF54D36000D9DB1 /* Debug */ = {
			isa = XCBuildConfiguration;
			buildSettings = {
				CODE_SIGN_STYLE = Automatic;
				CURRENT_PROJECT_VERSION = 1;
				DEVELOPMENT_TEAM = YSM8K853CQ;
				GENERATE_INFOPLIST_FILE = YES;
				MARKETING_VERSION = 1.0;
				PRODUCT_BUNDLE_IDENTIFIER = com.tiwenlab.ScheduleSageUITests;
				PRODUCT_NAME = "$(TARGET_NAME)";
				SWIFT_EMIT_LOC_STRINGS = NO;
				SWIFT_VERSION = 5.0;
				TEST_TARGET_NAME = ScheduleSage;
			};
			name = Debug;
		};
		D57ADFF52CF54D36000D9DB1 /* Release */ = {
			isa = XCBuildConfiguration;
			buildSettings = {
				CODE_SIGN_STYLE = Automatic;
				CURRENT_PROJECT_VERSION = 1;
				DEVELOPMENT_TEAM = YSM8K853CQ;
				GENERATE_INFOPLIST_FILE = YES;
				MARKETING_VERSION = 1.0;
				PRODUCT_BUNDLE_IDENTIFIER = com.tiwenlab.ScheduleSageUITests;
				PRODUCT_NAME = "$(TARGET_NAME)";
				SWIFT_EMIT_LOC_STRINGS = NO;
				SWIFT_VERSION = 5.0;
				TEST_TARGET_NAME = ScheduleSage;
			};
			name = Release;
		};
/* End XCBuildConfiguration section */

/* Begin XCConfigurationList section */
		D57ADFC12CF54D34000D9DB1 /* Build configuration list for PBXProject "ScheduleSage" */ = {
			isa = XCConfigurationList;
			buildConfigurations = (
				D57ADFEB2CF54D36000D9DB1 /* Debug */,
				D57ADFEC2CF54D36000D9DB1 /* Release */,
			);
			defaultConfigurationIsVisible = 0;
			defaultConfigurationName = Release;
		};
		D57ADFED2CF54D36000D9DB1 /* Build configuration list for PBXNativeTarget "ScheduleSage" */ = {
			isa = XCConfigurationList;
			buildConfigurations = (
				D57ADFEE2CF54D36000D9DB1 /* Debug */,
				D57ADFEF2CF54D36000D9DB1 /* Release */,
			);
			defaultConfigurationIsVisible = 0;
			defaultConfigurationName = Release;
		};
		D57ADFF02CF54D36000D9DB1 /* Build configuration list for PBXNativeTarget "ScheduleSageTests" */ = {
			isa = XCConfigurationList;
			buildConfigurations = (
				D57ADFF12CF54D36000D9DB1 /* Debug */,
				D57ADFF22CF54D36000D9DB1 /* Release */,
			);
			defaultConfigurationIsVisible = 0;
			defaultConfigurationName = Release;
		};
		D57ADFF32CF54D36000D9DB1 /* Build configuration list for PBXNativeTarget "ScheduleSageUITests" */ = {
			isa = XCConfigurationList;
			buildConfigurations = (
				D57ADFF42CF54D36000D9DB1 /* Debug */,
				D57ADFF52CF54D36000D9DB1 /* Release */,
			);
			defaultConfigurationIsVisible = 0;
			defaultConfigurationName = Release;
		};
/* End XCConfigurationList section */

/* Begin XCRemoteSwiftPackageReference section */
		D52770E12D2611BB00738094 /* XCRemoteSwiftPackageReference "Alamofire" */ = {
			isa = XCRemoteSwiftPackageReference;
			repositoryURL = "https://github.com/Alamofire/Alamofire.git";
			requirement = {
				kind = upToNextMajorVersion;
				minimumVersion = 5.10.2;
			};
		};
		D52B9FFD2D44B65700D74909 /* XCRemoteSwiftPackageReference "QuestOCR" */ = {
			isa = XCRemoteSwiftPackageReference;
			repositoryURL = "https://github.com/nanzhipro/QuestOCR.git";
			requirement = {
				branch = main;
				kind = branch;
			};
		};
		D53F8FBC2D5A3B0C0081039A /* XCRemoteSwiftPackageReference "Swift-JWT" */ = {
			isa = XCRemoteSwiftPackageReference;
			repositoryURL = "https://github.com/Kitura/Swift-JWT.git";
			requirement = {
				kind = upToNextMajorVersion;
				minimumVersion = 4.0.2;
			};
		};
		D554548F2D3224BD0086A832 /* XCRemoteSwiftPackageReference "SwiftDate" */ = {
			isa = XCRemoteSwiftPackageReference;
			repositoryURL = "https://github.com/malcommac/SwiftDate";
			requirement = {
				kind = upToNextMajorVersion;
				minimumVersion = 7.0.0;
			};
		};
		D56686A82CFC052700EE1486 /* XCRemoteSwiftPackageReference "SwiftSoup" */ = {
			isa = XCRemoteSwiftPackageReference;
			repositoryURL = "https://github.com/scinfu/SwiftSoup.git";
			requirement = {
				kind = upToNextMajorVersion;
				minimumVersion = 2.7.6;
			};
		};
		D56686B32CFC096F00EE1486 /* XCRemoteSwiftPackageReference "Kingfisher" */ = {
			isa = XCRemoteSwiftPackageReference;
			repositoryURL = "https://github.com/onevcat/Kingfisher.git";
			requirement = {
				kind = upToNextMajorVersion;
				minimumVersion = 8.1.1;
			};
		};
		D5F11BF22D28C592007A225F /* XCRemoteSwiftPackageReference "SwiftWebCrawler" */ = {
			isa = XCRemoteSwiftPackageReference;
			repositoryURL = "https://github.com/nanzhipro/SwiftWebCrawler.git";
			requirement = {
				branch = main;
				kind = branch;
			};
		};
		D5F41BE72D2A17E000CB844E /* XCRemoteSwiftPackageReference "CocoaLumberjack" */ = {
			isa = XCRemoteSwiftPackageReference;
			repositoryURL = "https://github.com/CocoaLumberjack/CocoaLumberjack.git";
			requirement = {
				kind = upToNextMajorVersion;
				minimumVersion = 3.8.5;
			};
		};
		D5FF61652D60AEDC00FC8AF6 /* XCRemoteSwiftPackageReference "sentry-cocoa" */ = {
			isa = XCRemoteSwiftPackageReference;
			repositoryURL = "https://github.com/getsentry/sentry-cocoa.git";
			requirement = {
				kind = upToNextMajorVersion;
				minimumVersion = 8.45.0;
			};
		};
/* End XCRemoteSwiftPackageReference section */

/* Begin XCSwiftPackageProductDependency section */
		D52B9FFE2D44B65700D74909 /* QuestOCR */ = {
			isa = XCSwiftPackageProductDependency;
			package = D52B9FFD2D44B65700D74909 /* XCRemoteSwiftPackageReference "QuestOCR" */;
			productName = QuestOCR;
		};
		D53F8FBD2D5A3B0C0081039A /* SwiftJWT */ = {
			isa = XCSwiftPackageProductDependency;
			package = D53F8FBC2D5A3B0C0081039A /* XCRemoteSwiftPackageReference "Swift-JWT" */;
			productName = SwiftJWT;
		};
		D55454902D3225130086A832 /* SwiftDate */ = {
			isa = XCSwiftPackageProductDependency;
			package = D554548F2D3224BD0086A832 /* XCRemoteSwiftPackageReference "SwiftDate" */;
			productName = SwiftDate;
		};
		D56686AA2CFC05D800EE1486 /* SwiftSoup */ = {
			isa = XCSwiftPackageProductDependency;
			package = D56686A82CFC052700EE1486 /* XCRemoteSwiftPackageReference "SwiftSoup" */;
			productName = SwiftSoup;
		};
		D56686B42CFC097A00EE1486 /* Kingfisher */ = {
			isa = XCSwiftPackageProductDependency;
			package = D56686B32CFC096F00EE1486 /* XCRemoteSwiftPackageReference "Kingfisher" */;
			productName = Kingfisher;
		};
		D57A1BC12D275D10000BAC44 /* Alamofire */ = {
			isa = XCSwiftPackageProductDependency;
			package = D52770E12D2611BB00738094 /* XCRemoteSwiftPackageReference "Alamofire" */;
			productName = Alamofire;
		};
		D5F11BF32D28C592007A225F /* SwiftWebCrawler */ = {
			isa = XCSwiftPackageProductDependency;
			package = D5F11BF22D28C592007A225F /* XCRemoteSwiftPackageReference "SwiftWebCrawler" */;
			productName = SwiftWebCrawler;
		};
		D5F41BE82D2A17F100CB844E /* CocoaLumberjackSwift */ = {
			isa = XCSwiftPackageProductDependency;
			package = D5F41BE72D2A17E000CB844E /* XCRemoteSwiftPackageReference "CocoaLumberjack" */;
			productName = CocoaLumberjackSwift;
		};
		D5FF61662D60AEDC00FC8AF6 /* Sentry */ = {
			isa = XCSwiftPackageProductDependency;
			package = D5FF61652D60AEDC00FC8AF6 /* XCRemoteSwiftPackageReference "sentry-cocoa" */;
			productName = Sentry;
		};
/* End XCSwiftPackageProductDependency section */
	};
	rootObject = D57ADFBE2CF54D34000D9DB1 /* Project object */;
}
