{
  "originHash" : "43eff72db120a44bddedb6da68c3c3503458c3d4439026b06eb1d81246545387",
  "pins" : [
    {
      "identity" : "alamofire",
      "kind" : "remoteSourceControl",
      "location" : "https://github.com/Alamofire/Alamofire.git",
      "state" : {
        "revision" : "513364f870f6bfc468f9d2ff0a95caccc10044c5",
        "version" : "5.10.2"
      }
    },
    {
      "identity" : "kingfisher",
      "kind" : "remoteSourceControl",
      "location" : "https://github.com/onevcat/Kingfisher.git",
      "state" : {
        "revision" : "e6749919f9761d573d37a7d7e78b1b854c191d7f",
        "version" : "8.1.3"
      }
    },
    {
      "identity" : "swiftsoup",
      "kind" : "remoteSourceControl",
      "location" : "https://github.com/scinfu/SwiftSoup.git",
      "state" : {
        "revision" : "0837db354faf9c9deb710dc597046edaadf5360f",
        "version" : "2.7.6"
      }
    },
    {
      "identity" : "swiftwebcrawler",
      "kind" : "remoteSourceControl",
      "location" : "https://github.com/nanzhipro/SwiftWebCrawler.git",
      "state" : {
        "branch" : "main",
        "revision" : "1fac9bd7a2cbdd9535f8aff2b9331c5c81a3c0d1"
      }
    }
  ],
  "version" : 3
}
